<?xml version="1.0" encoding="utf-8"?>
<Project ToolsVersion="4.0" xmlns="http://schemas.microsoft.com/developer/msbuild/2003">
  <ItemGroup>
    <Filter Include="源文件">
      <UniqueIdentifier>{4FC737F1-C7A5-4376-A066-2A32D752A2FF}</UniqueIdentifier>
      <Extensions>cpp;c;cc;cxx;def;odl;idl;hpj;bat;asm;asmx</Extensions>
    </Filter>
    <Filter Include="头文件">
      <UniqueIdentifier>{93995380-89BD-4b04-88EB-625FBE52EBFB}</UniqueIdentifier>
      <Extensions>h;hh;hpp;hxx;hm;inl;inc;ipp;xsd</Extensions>
    </Filter>
    <Filter Include="资源文件">
      <UniqueIdentifier>{67DA6AB6-F800-4c08-8B7A-83BB121AAD01}</UniqueIdentifier>
      <Extensions>rc;ico;cur;bmp;dlg;rc2;rct;bin;rgs;gif;jpg;jpeg;jpe;resx;tiff;tif;png;wav;mfcribbon-ms</Extensions>
    </Filter>
    <Filter Include="文件管理">
      <UniqueIdentifier>{36bc7edd-b0ec-4df9-9d68-ecf2fc18d27e}</UniqueIdentifier>
    </Filter>
  </ItemGroup>
  <ItemGroup>
    <ClInclude Include="PcManagerClient.h">
      <Filter>头文件</Filter>
    </ClInclude>
    <ClInclude Include="framework.h">
      <Filter>头文件</Filter>
    </ClInclude>
    <ClInclude Include="targetver.h">
      <Filter>头文件</Filter>
    </ClInclude>
    <ClInclude Include="Resource.h">
      <Filter>头文件</Filter>
    </ClInclude>
    <ClInclude Include="pch.h">
      <Filter>头文件</Filter>
    </ClInclude>
    <ClInclude Include="CMainInterface.h">
      <Filter>头文件</Filter>
    </ClInclude>
    <ClInclude Include="CTabMainInterface.h">
      <Filter>头文件</Filter>
    </ClInclude>
    <ClInclude Include="CCleaner.h">
      <Filter>头文件</Filter>
    </ClInclude>
    <ClInclude Include="CKillVirus.h">
      <Filter>头文件</Filter>
    </ClInclude>
    <ClInclude Include="CProcessInfo.h">
      <Filter>头文件</Filter>
    </ClInclude>
    <ClInclude Include="CSoftwareManager.h">
      <Filter>头文件</Filter>
    </ClInclude>
    <ClInclude Include="CTools.h">
      <Filter>头文件</Filter>
    </ClInclude>
    <ClInclude Include="CFileInfo.h">
      <Filter>文件管理</Filter>
    </ClInclude>
    <ClInclude Include="CPeExportTable.h">
      <Filter>文件管理</Filter>
    </ClInclude>
    <ClInclude Include="CPeFileDataDirectoryTable.h">
      <Filter>文件管理</Filter>
    </ClInclude>
    <ClInclude Include="CPeFileMainMenu.h">
      <Filter>文件管理</Filter>
    </ClInclude>
    <ClInclude Include="CPeFileSectionTable.h">
      <Filter>文件管理</Filter>
    </ClInclude>
    <ClInclude Include="CPeImportTable.h">
      <Filter>文件管理</Filter>
    </ClInclude>
  </ItemGroup>
  <ItemGroup>
    <ClCompile Include="PcManagerClient.cpp">
      <Filter>源文件</Filter>
    </ClCompile>
    <ClCompile Include="pch.cpp">
      <Filter>源文件</Filter>
    </ClCompile>
    <ClCompile Include="CMainInterface.cpp">
      <Filter>源文件</Filter>
    </ClCompile>
    <ClCompile Include="CTabMainInterface.cpp">
      <Filter>源文件</Filter>
    </ClCompile>
    <ClCompile Include="CCleaner.cpp">
      <Filter>源文件</Filter>
    </ClCompile>
    <ClCompile Include="CKillVirus.cpp">
      <Filter>源文件</Filter>
    </ClCompile>
    <ClCompile Include="CProcessInfo.cpp">
      <Filter>源文件</Filter>
    </ClCompile>
    <ClCompile Include="CSoftwareManager.cpp">
      <Filter>源文件</Filter>
    </ClCompile>
    <ClCompile Include="CTools.cpp">
      <Filter>源文件</Filter>
    </ClCompile>
    <ClCompile Include="CFileInfo.cpp">
      <Filter>文件管理</Filter>
    </ClCompile>
    <ClCompile Include="CPeExportTable.cpp">
      <Filter>文件管理</Filter>
    </ClCompile>
    <ClCompile Include="CPeFileDataDirectoryTable.cpp">
      <Filter>文件管理</Filter>
    </ClCompile>
    <ClCompile Include="CPeFileMainMenu.cpp">
      <Filter>文件管理</Filter>
    </ClCompile>
    <ClCompile Include="CPeFileSectionTable.cpp">
      <Filter>文件管理</Filter>
    </ClCompile>
    <ClCompile Include="CPeImportTable.cpp">
      <Filter>文件管理</Filter>
    </ClCompile>
  </ItemGroup>
  <ItemGroup>
    <ResourceCompile Include="PcManagerClient.rc">
      <Filter>资源文件</Filter>
    </ResourceCompile>
  </ItemGroup>
  <ItemGroup>
    <None Include="res\PcManagerClient.rc2">
      <Filter>资源文件</Filter>
    </None>
  </ItemGroup>
  <ItemGroup>
    <Image Include="res\PcManagerClient.ico">
      <Filter>资源文件</Filter>
    </Image>
  </ItemGroup>
</Project>