<?xml version="1.0" encoding="utf-8"?>
<Project ToolsVersion="4.0" xmlns="http://schemas.microsoft.com/developer/msbuild/2003">
  <ItemGroup>
    <Filter Include="杀毒">
      <UniqueIdentifier>{df4cc3a5-2caf-4a0e-8c20-78b7e9d95985}</UniqueIdentifier>
    </Filter>
    <Filter Include="垃圾清理">
      <UniqueIdentifier>{68b3f01a-99a4-4c62-a84c-82730e06c8d1}</UniqueIdentifier>
    </Filter>
    <Filter Include="进程管理">
      <UniqueIdentifier>{6621d4eb-d8e6-44b4-b135-f271b5b90c3e}</UniqueIdentifier>
    </Filter>
    <Filter Include="主界面">
      <UniqueIdentifier>{4FC737F1-C7A5-4376-A066-2A32D752A2FF}</UniqueIdentifier>
      <Extensions>cpp;c;cc;cxx;def;odl;idl;hpj;bat;asm;asmx</Extensions>
    </Filter>
    <Filter Include="软件管理">
      <UniqueIdentifier>{93995380-89BD-4b04-88EB-625FBE52EBFB}</UniqueIdentifier>
      <Extensions>h;hh;hpp;hxx;hm;inl;inc;ipp;xsd</Extensions>
    </Filter>
    <Filter Include="小工具">
      <UniqueIdentifier>{36bc7edd-b0ec-4df9-9d68-ecf2fc18d27e}</UniqueIdentifier>
    </Filter>
    <Filter Include="资源文件及系统自动生成文件">
      <UniqueIdentifier>{67DA6AB6-F800-4c08-8B7A-83BB121AAD01}</UniqueIdentifier>
      <Extensions>rc;ico;cur;bmp;dlg;rc2;rct;bin;rgs;gif;jpg;jpeg;jpe;resx;tiff;tif;png;wav;mfcribbon-ms</Extensions>
    </Filter>
    <Filter Include="文件信息">
      <UniqueIdentifier>{d13acfb9-f5c5-4238-9505-2f771b508e5d}</UniqueIdentifier>
    </Filter>
    <Filter Include="文件信息\解析PE文件">
      <UniqueIdentifier>{f75a8544-e964-4b14-8097-ae67859c8b59}</UniqueIdentifier>
    </Filter>
    <Filter Include="文件信息\文件详细信息">
      <UniqueIdentifier>{01d05687-7a9b-4611-9a0e-4eb5af476f51}</UniqueIdentifier>
    </Filter>
    <Filter Include="数据声明">
      <UniqueIdentifier>{a0ed4127-6985-4c64-945f-108cf930e76a}</UniqueIdentifier>
    </Filter>
    <Filter Include="MD5">
      <UniqueIdentifier>{f919849f-e5e2-4bf0-8a2c-9f893dbae5cf}</UniqueIdentifier>
    </Filter>
    <Filter Include="杀毒\网络">
      <UniqueIdentifier>{f935a67f-a400-4ce9-a394-4fba3d660b16}</UniqueIdentifier>
    </Filter>
  </ItemGroup>
  <ItemGroup>
    <ClInclude Include="CCleaner.h">
      <Filter>垃圾清理</Filter>
    </ClInclude>
    <ClInclude Include="CKillVirus.h">
      <Filter>杀毒</Filter>
    </ClInclude>
    <ClInclude Include="CProcessInfo.h">
      <Filter>进程管理</Filter>
    </ClInclude>
    <ClInclude Include="framework.h">
      <Filter>资源文件及系统自动生成文件</Filter>
    </ClInclude>
    <ClInclude Include="pch.h">
      <Filter>资源文件及系统自动生成文件</Filter>
    </ClInclude>
    <ClInclude Include="Resource.h">
      <Filter>资源文件及系统自动生成文件</Filter>
    </ClInclude>
    <ClInclude Include="targetver.h">
      <Filter>资源文件及系统自动生成文件</Filter>
    </ClInclude>
    <ClInclude Include="PcManagerClient.h">
      <Filter>主界面</Filter>
    </ClInclude>
    <ClInclude Include="CMainInterface.h">
      <Filter>主界面</Filter>
    </ClInclude>
    <ClInclude Include="CTabMainInterface.h">
      <Filter>主界面</Filter>
    </ClInclude>
    <ClInclude Include="CSoftwareManager.h">
      <Filter>软件管理</Filter>
    </ClInclude>
    <ClInclude Include="CTools.h">
      <Filter>小工具</Filter>
    </ClInclude>
    <ClInclude Include="CDesktopWindows.h">
      <Filter>进程管理</Filter>
    </ClInclude>
    <ClInclude Include="CPeExportTable.h">
      <Filter>文件信息\解析PE文件</Filter>
    </ClInclude>
    <ClInclude Include="CPeFileDataDirectoryTable.h">
      <Filter>文件信息\解析PE文件</Filter>
    </ClInclude>
    <ClInclude Include="CPeFileMainMenu.h">
      <Filter>文件信息\解析PE文件</Filter>
    </ClInclude>
    <ClInclude Include="CPeFileSectionTable.h">
      <Filter>文件信息\解析PE文件</Filter>
    </ClInclude>
    <ClInclude Include="CPeImportTable.h">
      <Filter>文件信息\解析PE文件</Filter>
    </ClInclude>
    <ClInclude Include="CustomMessage.h">
      <Filter>数据声明</Filter>
    </ClInclude>
    <ClInclude Include="CPeResourceTable.h">
      <Filter>文件信息\解析PE文件</Filter>
    </ClInclude>
    <ClInclude Include="CPeTlsTable.h">
      <Filter>文件信息\解析PE文件</Filter>
    </ClInclude>
    <ClInclude Include="CPeRelocTable.h">
      <Filter>文件信息\解析PE文件</Filter>
    </ClInclude>
    <ClInclude Include="CPeDelayTable.h">
      <Filter>文件信息\解析PE文件</Filter>
    </ClInclude>
    <ClInclude Include="md5file.h">
      <Filter>MD5</Filter>
    </ClInclude>
    <ClInclude Include="md5.h">
      <Filter>MD5</Filter>
    </ClInclude>
    <ClInclude Include="md5global.h">
      <Filter>MD5</Filter>
    </ClInclude>
    <ClInclude Include="CClientSocket.h">
      <Filter>杀毒\网络</Filter>
    </ClInclude>
    <ClInclude Include="CFileInfo.h">
      <Filter>文件信息\文件详细信息</Filter>
    </ClInclude>
  </ItemGroup>
  <ItemGroup>
    <ClCompile Include="PcManagerClient.cpp">
      <Filter>主界面</Filter>
    </ClCompile>
    <ClCompile Include="CMainInterface.cpp">
      <Filter>主界面</Filter>
    </ClCompile>
    <ClCompile Include="CTabMainInterface.cpp">
      <Filter>主界面</Filter>
    </ClCompile>
    <ClCompile Include="CCleaner.cpp">
      <Filter>垃圾清理</Filter>
    </ClCompile>
    <ClCompile Include="CKillVirus.cpp">
      <Filter>杀毒</Filter>
    </ClCompile>
    <ClCompile Include="CProcessInfo.cpp">
      <Filter>进程管理</Filter>
    </ClCompile>
    <ClCompile Include="pch.cpp">
      <Filter>资源文件及系统自动生成文件</Filter>
    </ClCompile>
    <ClCompile Include="CSoftwareManager.cpp">
      <Filter>软件管理</Filter>
    </ClCompile>
    <ClCompile Include="CTools.cpp">
      <Filter>小工具</Filter>
    </ClCompile>
    <ClCompile Include="CDesktopWindows.cpp">
      <Filter>进程管理</Filter>
    </ClCompile>
    <ClCompile Include="CPeExportTable.cpp">
      <Filter>文件信息\解析PE文件</Filter>
    </ClCompile>
    <ClCompile Include="CPeFileDataDirectoryTable.cpp">
      <Filter>文件信息\解析PE文件</Filter>
    </ClCompile>
    <ClCompile Include="CPeFileMainMenu.cpp">
      <Filter>文件信息\解析PE文件</Filter>
    </ClCompile>
    <ClCompile Include="CPeFileSectionTable.cpp">
      <Filter>文件信息\解析PE文件</Filter>
    </ClCompile>
    <ClCompile Include="CPeImportTable.cpp">
      <Filter>文件信息\解析PE文件</Filter>
    </ClCompile>
    <ClCompile Include="CPeResourceTable.cpp">
      <Filter>文件信息\解析PE文件</Filter>
    </ClCompile>
    <ClCompile Include="CPeTlsTable.cpp">
      <Filter>文件信息\解析PE文件</Filter>
    </ClCompile>
    <ClCompile Include="CPeRelocTable.cpp">
      <Filter>文件信息\解析PE文件</Filter>
    </ClCompile>
    <ClCompile Include="CPeDelayTable.cpp">
      <Filter>文件信息\解析PE文件</Filter>
    </ClCompile>
    <ClCompile Include="md5file.cpp">
      <Filter>MD5</Filter>
    </ClCompile>
    <ClCompile Include="md5.cpp">
      <Filter>MD5</Filter>
    </ClCompile>
    <ClCompile Include="CClientSocket.cpp">
      <Filter>杀毒\网络</Filter>
    </ClCompile>
    <ClCompile Include="CFileInfo.cpp">
      <Filter>文件信息\文件详细信息</Filter>
    </ClCompile>
  </ItemGroup>
  <ItemGroup>
    <ResourceCompile Include="PcManagerClient.rc">
      <Filter>资源文件及系统自动生成文件</Filter>
    </ResourceCompile>
  </ItemGroup>
  <ItemGroup>
    <None Include="res\PcManagerClient.rc2">
      <Filter>资源文件及系统自动生成文件</Filter>
    </None>
  </ItemGroup>
  <ItemGroup>
    <Image Include="res\PcManagerClient.ico">
      <Filter>资源文件及系统自动生成文件</Filter>
    </Image>
  </ItemGroup>
</Project>